<?xml version="1.0" encoding="utf-8"?>
<Project ToolsVersion="4.0" xmlns="http://schemas.microsoft.com/developer/msbuild/2003">
  <ItemGroup>
    <Filter Include="Source Files">
      <UniqueIdentifier>{4FC737F1-C7A5-4376-A066-2A32D752A2FF}</UniqueIdentifier>
      <Extensions>cpp;c;cc;cxx;def;odl;idl;hpj;bat;asm;asmx</Extensions>
    </Filter>
    <Filter Include="Header Files">
      <UniqueIdentifier>{93995380-89BD-4b04-88EB-625FBE52EBFB}</UniqueIdentifier>
      <Extensions>h;hh;hpp;hxx;hm;inl;inc;xsd</Extensions>
    </Filter>
    <Filter Include="Resource Files">
      <UniqueIdentifier>{67DA6AB6-F800-4c08-8B7A-83BB121AAD01}</UniqueIdentifier>
      <Extensions>rc;ico;cur;bmp;dlg;rc2;rct;bin;rgs;gif;jpg;jpeg;jpe;resx;tiff;tif;png;wav;mfcribbon-ms</Extensions>
    </Filter>
  </ItemGroup>
  <ItemGroup>
    <Image Include="D:\Materi kuliah\Semester 6\Program Game\Codes\02_getting_an_image_on_the_screen\hello_world.bmp">
      <Filter>Resource Files</Filter>
    </Image>
    <Image Include="22_movingBG\bg.png">
      <Filter>Resource Files</Filter>
    </Image>
    <Image Include="22_movingBG\dot.bmp">
      <Filter>Resource Files</Filter>
    </Image>
    <Image Include="14_animated_sprites_and_vsync\firesprite.png">
      <Filter>Resource Files</Filter>
    </Image>
    <Image Include="14_animated_sprites_and_vsync\foo.png">
      <Filter>Resource Files</Filter>
    </Image>
    <Image Include="14_animated_sprites_and_vsync\homeranim.png">
      <Filter>Resource Files</Filter>
    </Image>
    <Image Include="19_gamepads_and_joysticks\arrow.png">
      <Filter>Resource Files</Filter>
    </Image>
    <Image Include="14_animated_sprites_and_vsync\top_down_tank-8hkMRt.png">
      <Filter>Resource Files</Filter>
    </Image>
  </ItemGroup>
  <ItemGroup>
    <ClCompile Include="D:\Materi kuliah\Semester 6\Program Game\Codes\01_hello_SDL\01_hello_SDL\main.cpp">
      <Filter>Source Files</Filter>
    </ClCompile>
  </ItemGroup>
</Project>